
Microsoft Visual Studio Solution File, Format Version 12.00
# Visual Studio 15
VisualStudioVersion = 15.0.28307.329
MinimumVisualStudioVersion = 10.0.40219.1
Project("{FAE04EC0-301F-11D3-BF4B-00C04F79EFBC}") = "MemberManagementSystem", "MemberManagementSystem\MemberManagementSystem.csproj", "{8092507B-8A2B-4B1C-A18E-CDEAE431D6FB}"
EndProject
Project("{FAE04EC0-301F-11D3-BF4B-00C04F79EFBC}") = "DataAccessLayer", "DataAccessLayer\DataAccessLayer.csproj", "{5A189E1F-8D78-4593-BA02-4FB63619EA45}"
EndProject
Project("{FAE04EC0-301F-11D3-BF4B-00C04F79EFBC}") = "Model", "Model\Model.csproj", "{B6FC43E4-8D12-4BA1-ABF0-2B8BE55DA8F8}"
EndProject
Project("{FAE04EC0-301F-11D3-BF4B-00C04F79EFBC}") = "Services", "Services\Services.csproj", "{F3EA5D1F-5225-4418-B1A2-6A4BD3E45F3C}"
EndProject
Global
	GlobalSection(SolutionConfigurationPlatforms) = preSolution
		Debug|Any CPU = Debug|Any CPU
		Release|Any CPU = Release|Any CPU
	EndGlobalSection
	GlobalSection(ProjectConfigurationPlatforms) = postSolution
		{8092507B-8A2B-4B1C-A18E-CDEAE431D6FB}.Debug|Any CPU.ActiveCfg = Debug|Any CPU
		{8092507B-8A2B-4B1C-A18E-CDEAE431D6FB}.Debug|Any CPU.Build.0 = Debug|Any CPU
		{8092507B-8A2B-4B1C-A18E-CDEAE431D6FB}.Release|Any CPU.ActiveCfg = Release|Any CPU
		{8092507B-8A2B-4B1C-A18E-CDEAE431D6FB}.Release|Any CPU.Build.0 = Release|Any CPU
		{5A189E1F-8D78-4593-BA02-4FB63619EA45}.Debug|Any CPU.ActiveCfg = Debug|Any CPU
		{5A189E1F-8D78-4593-BA02-4FB63619EA45}.Debug|Any CPU.Build.0 = Debug|Any CPU
		{5A189E1F-8D78-4593-BA02-4FB63619EA45}.Release|Any CPU.ActiveCfg = Release|Any CPU
		{5A189E1F-8D78-4593-BA02-4FB63619EA45}.Release|Any CPU.Build.0 = Release|Any CPU
		{B6FC43E4-8D12-4BA1-ABF0-2B8BE55DA8F8}.Debug|Any CPU.ActiveCfg = Debug|Any CPU
		{B6FC43E4-8D12-4BA1-ABF0-2B8BE55DA8F8}.Debug|Any CPU.Build.0 = Debug|Any CPU
		{B6FC43E4-8D12-4BA1-ABF0-2B8BE55DA8F8}.Release|Any CPU.ActiveCfg = Release|Any CPU
		{B6FC43E4-8D12-4BA1-ABF0-2B8BE55DA8F8}.Release|Any CPU.Build.0 = Release|Any CPU
		{F3EA5D1F-5225-4418-B1A2-6A4BD3E45F3C}.Debug|Any CPU.ActiveCfg = Debug|Any CPU
		{F3EA5D1F-5225-4418-B1A2-6A4BD3E45F3C}.Debug|Any CPU.Build.0 = Debug|Any CPU
		{F3EA5D1F-5225-4418-B1A2-6A4BD3E45F3C}.Release|Any CPU.ActiveCfg = Release|Any CPU
		{F3EA5D1F-5225-4418-B1A2-6A4BD3E45F3C}.Release|Any CPU.Build.0 = Release|Any CPU
	EndGlobalSection
	GlobalSection(SolutionProperties) = preSolution
		HideSolutionNode = FALSE
	EndGlobalSection
	GlobalSection(ExtensibilityGlobals) = postSolution
		SolutionGuid = {C621F09D-4D26-4333-895C-E843AE8E9F89}
	EndGlobalSection
EndGlobal
